
Microsoft Visual Studio Solution File, Format Version 12.00
# Visual Studio 14
VisualStudioVersion = 14.0.25420.1
MinimumVisualStudioVersion = 10.0.40219.1
Project("{FAE04EC0-301F-11D3-BF4B-00C04F79EFBC}") = "MvcEtfApi1", "MvcEtfApi1\MvcEtfApi1.csproj", "{20ECED4E-1CC4-4138-8A27-CA8C7C2E2CB3}"
EndProject
Global
	GlobalSection(SolutionConfigurationPlatforms) = preSolution
		Debug|Any CPU = Debug|Any CPU
		Release|Any CPU = Release|Any CPU
	EndGlobalSection
	GlobalSection(ProjectConfigurationPlatforms) = postSolution
		{20ECED4E-1CC4-4138-8A27-CA8C7C2E2CB3}.Debug|Any CPU.ActiveCfg = Debug|Any CPU
		{20ECED4E-1CC4-4138-8A27-CA8C7C2E2CB3}.Debug|Any CPU.Build.0 = Debug|Any CPU
		{20ECED4E-1CC4-4138-8A27-CA8C7C2E2CB3}.Release|Any CPU.ActiveCfg = Release|Any CPU
		{20ECED4E-1CC4-4138-8A27-CA8C7C2E2CB3}.Release|Any CPU.Build.0 = Release|Any CPU
	EndGlobalSection
	GlobalSection(SolutionProperties) = preSolution
		HideSolutionNode = FALSE
	EndGlobalSection
EndGlobal
